// !$*UTF8*$!
{
	archiveVersion = 1;
	classes = {
	};
	objectVersion = 46;
	objects = {

/* Begin PBXBuildFile section */
		E91304A41510CFEB00B335CB /* SenTestingKit.framework in Frameworks */ = {isa = PBXBuildFile; fileRef = 37A0730514C487BB0094CD27 /* SenTestingKit.framework */; };
		E91304A61510CFEB00B335CB /* Cocoa.framework in Frameworks */ = {isa = PBXBuildFile; fileRef = E91304A51510CFEB00B335CB /* Cocoa.framework */; };
		E91304C01510D0A800B335CB /* NSObject+objcswitch.m in Sources */ = {isa = PBXBuildFile; fileRef = E91304BC1510D0A800B335CB /* NSObject+objcswitch.m */; };
		E91304C21510D0A800B335CB /* ObjCSwitchTests.m in Sources */ = {isa = PBXBuildFile; fileRef = E91304BF1510D0A800B335CB /* ObjCSwitchTests.m */; };
/* End PBXBuildFile section */

/* Begin PBXFileReference section */
		37A072EF14C487580094CD27 /* Foundation.framework */ = {isa = PBXFileReference; lastKnownFileType = wrapper.framework; name = Foundation.framework; path = System/Library/Frameworks/Foundation.framework; sourceTree = SDKROOT; };
		37A0730514C487BB0094CD27 /* SenTestingKit.framework */ = {isa = PBXFileReference; lastKnownFileType = wrapper.framework; name = SenTestingKit.framework; path = Library/Frameworks/SenTestingKit.framework; sourceTree = DEVELOPER_DIR; };
		37A0731B14C4CD980094CD27 /* README.md */ = {isa = PBXFileReference; fileEncoding = 4; lastKnownFileType = text; path = README.md; sourceTree = SOURCE_ROOT; };
		E91304A31510CFEB00B335CB /* ObjCSwitch Tests.octest */ = {isa = PBXFileReference; explicitFileType = wrapper.cfbundle; includeInIndex = 0; path = "ObjCSwitch Tests.octest"; sourceTree = BUILT_PRODUCTS_DIR; };
		E91304A51510CFEB00B335CB /* Cocoa.framework */ = {isa = PBXFileReference; lastKnownFileType = wrapper.framework; name = Cocoa.framework; path = System/Library/Frameworks/Cocoa.framework; sourceTree = SDKROOT; };
		E91304A81510CFEB00B335CB /* AppKit.framework */ = {isa = PBXFileReference; lastKnownFileType = wrapper.framework; name = AppKit.framework; path = System/Library/Frameworks/AppKit.framework; sourceTree = SDKROOT; };
		E91304A91510CFEB00B335CB /* CoreData.framework */ = {isa = PBXFileReference; lastKnownFileType = wrapper.framework; name = CoreData.framework; path = System/Library/Frameworks/CoreData.framework; sourceTree = SDKROOT; };
		E91304AA1510CFEB00B335CB /* Foundation.framework */ = {isa = PBXFileReference; lastKnownFileType = wrapper.framework; name = Foundation.framework; path = System/Library/Frameworks/Foundation.framework; sourceTree = SDKROOT; };
		E91304BB1510D0A800B335CB /* NSObject+objcswitch.h */ = {isa = PBXFileReference; fileEncoding = 4; lastKnownFileType = sourcecode.c.h; path = "NSObject+objcswitch.h"; sourceTree = "<group>"; };
		E91304BC1510D0A800B335CB /* NSObject+objcswitch.m */ = {isa = PBXFileReference; fileEncoding = 4; lastKnownFileType = sourcecode.c.objc; path = "NSObject+objcswitch.m"; sourceTree = "<group>"; };
		E91304BE1510D0A800B335CB /* ObjCSwitchTests-Info.plist */ = {isa = PBXFileReference; fileEncoding = 4; lastKnownFileType = text.plist.xml; path = "ObjCSwitchTests-Info.plist"; sourceTree = "<group>"; };
		E91304BF1510D0A800B335CB /* ObjCSwitchTests.m */ = {isa = PBXFileReference; fileEncoding = 4; lastKnownFileType = sourcecode.c.objc; path = ObjCSwitchTests.m; sourceTree = "<group>"; };
/* End PBXFileReference section */

/* Begin PBXFrameworksBuildPhase section */
		E913049F1510CFEB00B335CB /* Frameworks */ = {
			isa = PBXFrameworksBuildPhase;
			buildActionMask = 2147483647;
			files = (
				E91304A41510CFEB00B335CB /* SenTestingKit.framework in Frameworks */,
				E91304A61510CFEB00B335CB /* Cocoa.framework in Frameworks */,
			);
			runOnlyForDeploymentPostprocessing = 0;
		};
/* End PBXFrameworksBuildPhase section */

/* Begin PBXGroup section */
		37A072E014C487570094CD27 = {
			isa = PBXGroup;
			children = (
				37A0731B14C4CD980094CD27 /* README.md */,
				E91304BA1510D0A800B335CB /* Source */,
				E91304BD1510D0A800B335CB /* Unit Tests */,
				37A072EE14C487580094CD27 /* Frameworks */,
				37A072EC14C487580094CD27 /* Products */,
			);
			sourceTree = "<group>";
		};
		37A072EC14C487580094CD27 /* Products */ = {
			isa = PBXGroup;
			children = (
				E91304A31510CFEB00B335CB /* ObjCSwitch Tests.octest */,
			);
			name = Products;
			sourceTree = "<group>";
		};
		37A072EE14C487580094CD27 /* Frameworks */ = {
			isa = PBXGroup;
			children = (
				37A072EF14C487580094CD27 /* Foundation.framework */,
				37A0730514C487BB0094CD27 /* SenTestingKit.framework */,
				E91304A51510CFEB00B335CB /* Cocoa.framework */,
				E91304A71510CFEB00B335CB /* Other Frameworks */,
			);
			name = Frameworks;
			sourceTree = "<group>";
		};
		E91304A71510CFEB00B335CB /* Other Frameworks */ = {
			isa = PBXGroup;
			children = (
				E91304A81510CFEB00B335CB /* AppKit.framework */,
				E91304A91510CFEB00B335CB /* CoreData.framework */,
				E91304AA1510CFEB00B335CB /* Foundation.framework */,
			);
			name = "Other Frameworks";
			sourceTree = "<group>";
		};
		E91304BA1510D0A800B335CB /* Source */ = {
			isa = PBXGroup;
			children = (
				E91304BB1510D0A800B335CB /* NSObject+objcswitch.h */,
				E91304BC1510D0A800B335CB /* NSObject+objcswitch.m */,
			);
			path = Source;
			sourceTree = "<group>";
		};
		E91304BD1510D0A800B335CB /* Unit Tests */ = {
			isa = PBXGroup;
			children = (
				E91304BE1510D0A800B335CB /* ObjCSwitchTests-Info.plist */,
				E91304BF1510D0A800B335CB /* ObjCSwitchTests.m */,
			);
			path = "Unit Tests";
			sourceTree = "<group>";
		};
/* End PBXGroup section */

/* Begin PBXNativeTarget section */
		E91304A21510CFEB00B335CB /* ObjCSwitch Tests */ = {
			isa = PBXNativeTarget;
			buildConfigurationList = E91304B51510CFEB00B335CB /* Build configuration list for PBXNativeTarget "ObjCSwitch Tests" */;
			buildPhases = (
				E913049E1510CFEB00B335CB /* Sources */,
				E913049F1510CFEB00B335CB /* Frameworks */,
				E91304A01510CFEB00B335CB /* Resources */,
				E91304A11510CFEB00B335CB /* ShellScript */,
			);
			buildRules = (
			);
			dependencies = (
			);
			name = "ObjCSwitch Tests";
			productName = "ObjCSwitch Tests";
			productReference = E91304A31510CFEB00B335CB /* ObjCSwitch Tests.octest */;
			productType = "com.apple.product-type.bundle";
		};
/* End PBXNativeTarget section */

/* Begin PBXProject section */
		37A072E214C487570094CD27 /* Project object */ = {
			isa = PBXProject;
			attributes = {
				LastUpgradeCheck = 0420;
				ORGANIZATIONNAME = Visuamobile;
			};
			buildConfigurationList = 37A072E514C487570094CD27 /* Build configuration list for PBXProject "objcswitch" */;
			compatibilityVersion = "Xcode 3.2";
			developmentRegion = English;
			hasScannedForEncodings = 0;
			knownRegions = (
				en,
			);
			mainGroup = 37A072E014C487570094CD27;
			productRefGroup = 37A072EC14C487580094CD27 /* Products */;
			projectDirPath = "";
			projectRoot = "";
			targets = (
				E91304A21510CFEB00B335CB /* ObjCSwitch Tests */,
			);
		};
/* End PBXProject section */

/* Begin PBXResourcesBuildPhase section */
		E91304A01510CFEB00B335CB /* Resources */ = {
			isa = PBXResourcesBuildPhase;
			buildActionMask = 2147483647;
			files = (
			);
			runOnlyForDeploymentPostprocessing = 0;
		};
/* End PBXResourcesBuildPhase section */

/* Begin PBXShellScriptBuildPhase section */
		E91304A11510CFEB00B335CB /* ShellScript */ = {
			isa = PBXShellScriptBuildPhase;
			buildActionMask = 2147483647;
			files = (
			);
			inputPaths = (
			);
			outputPaths = (
			);
			runOnlyForDeploymentPostprocessing = 0;
			shellPath = /bin/sh;
			shellScript = "# Run the unit tests in this test bundle.\n\"${SYSTEM_DEVELOPER_DIR}/Tools/RunUnitTests\"\n";
		};
/* End PBXShellScriptBuildPhase section */

/* Begin PBXSourcesBuildPhase section */
		E913049E1510CFEB00B335CB /* Sources */ = {
			isa = PBXSourcesBuildPhase;
			buildActionMask = 2147483647;
			files = (
				E91304C01510D0A800B335CB /* NSObject+objcswitch.m in Sources */,
				E91304C21510D0A800B335CB /* ObjCSwitchTests.m in Sources */,
			);
			runOnlyForDeploymentPostprocessing = 0;
		};
/* End PBXSourcesBuildPhase section */

/* Begin XCBuildConfiguration section */
		37A072F814C487580094CD27 /* Debug */ = {
			isa = XCBuildConfiguration;
			buildSettings = {
				ALWAYS_SEARCH_USER_PATHS = NO;
				ARCHS = "$(ARCHS_STANDARD_64_BIT)";
				CLANG_ENABLE_OBJC_ARC = NO;
				COPY_PHASE_STRIP = NO;
				GCC_C_LANGUAGE_STANDARD = gnu99;
				GCC_DYNAMIC_NO_PIC = NO;
				GCC_ENABLE_OBJC_EXCEPTIONS = YES;
				GCC_OPTIMIZATION_LEVEL = 0;
				GCC_PREPROCESSOR_DEFINITIONS = (
					"DEBUG=1",
					"$(inherited)",
				);
				GCC_SYMBOLS_PRIVATE_EXTERN = NO;
				GCC_VERSION = com.apple.compilers.llvm.clang.1_0;
				GCC_WARN_64_TO_32_BIT_CONVERSION = YES;
				GCC_WARN_ABOUT_MISSING_PROTOTYPES = YES;
				GCC_WARN_ABOUT_RETURN_TYPE = YES;
				GCC_WARN_UNUSED_VARIABLE = YES;
				MACOSX_DEPLOYMENT_TARGET = 10.7;
				ONLY_ACTIVE_ARCH = YES;
				SDKROOT = macosx;
			};
			name = Debug;
		};
		37A072F914C487580094CD27 /* Release */ = {
			isa = XCBuildConfiguration;
			buildSettings = {
				ALWAYS_SEARCH_USER_PATHS = NO;
				ARCHS = "$(ARCHS_STANDARD_64_BIT)";
				CLANG_ENABLE_OBJC_ARC = NO;
				COPY_PHASE_STRIP = YES;
				DEBUG_INFORMATION_FORMAT = "dwarf-with-dsym";
				GCC_C_LANGUAGE_STANDARD = gnu99;
				GCC_ENABLE_OBJC_EXCEPTIONS = YES;
				GCC_VERSION = com.apple.compilers.llvm.clang.1_0;
				GCC_WARN_64_TO_32_BIT_CONVERSION = YES;
				GCC_WARN_ABOUT_MISSING_PROTOTYPES = YES;
				GCC_WARN_ABOUT_RETURN_TYPE = YES;
				GCC_WARN_UNUSED_VARIABLE = YES;
				MACOSX_DEPLOYMENT_TARGET = 10.7;
				SDKROOT = macosx;
			};
			name = Release;
		};
		E91304B61510CFEB00B335CB /* Debug */ = {
			isa = XCBuildConfiguration;
			buildSettings = {
				FRAMEWORK_SEARCH_PATHS = "$(DEVELOPER_LIBRARY_DIR)/Frameworks";
				GCC_PRECOMPILE_PREFIX_HEADER = YES;
				GCC_PREFIX_HEADER = "";
				INFOPLIST_FILE = "Unit Tests/ObjCSwitchTests-Info.plist";
				PRODUCT_NAME = "$(TARGET_NAME)";
				WRAPPER_EXTENSION = octest;
			};
			name = Debug;
		};
		E91304B71510CFEB00B335CB /* Release */ = {
			isa = XCBuildConfiguration;
			buildSettings = {
				FRAMEWORK_SEARCH_PATHS = "$(DEVELOPER_LIBRARY_DIR)/Frameworks";
				GCC_PRECOMPILE_PREFIX_HEADER = YES;
				GCC_PREFIX_HEADER = "";
				INFOPLIST_FILE = "Unit Tests/ObjCSwitchTests-Info.plist";
				PRODUCT_NAME = "$(TARGET_NAME)";
				WRAPPER_EXTENSION = octest;
			};
			name = Release;
		};
/* End XCBuildConfiguration section */

/* Begin XCConfigurationList section */
		37A072E514C487570094CD27 /* Build configuration list for PBXProject "objcswitch" */ = {
			isa = XCConfigurationList;
			buildConfigurations = (
				37A072F814C487580094CD27 /* Debug */,
				37A072F914C487580094CD27 /* Release */,
			);
			defaultConfigurationIsVisible = 0;
			defaultConfigurationName = Release;
		};
		E91304B51510CFEB00B335CB /* Build configuration list for PBXNativeTarget "ObjCSwitch Tests" */ = {
			isa = XCConfigurationList;
			buildConfigurations = (
				E91304B61510CFEB00B335CB /* Debug */,
				E91304B71510CFEB00B335CB /* Release */,
			);
			defaultConfigurationIsVisible = 0;
		};
/* End XCConfigurationList section */
	};
	rootObject = 37A072E214C487570094CD27 /* Project object */;
}
